
Microsoft Visual Studio Solution File, Format Version 12.00
# Visual Studio Version 17
VisualStudioVersion = 17.6.33801.468
MinimumVisualStudioVersion = 10.0.40219.1
Project("{FAE04EC0-301F-11D3-BF4B-00C04F79EFBC}") = "26.Remove duplicated_from sorted array", "26.Remove duplicated_from sorted array.csproj", "{4FD04B64-C95A-4DF2-B36B-54FEEA5451C2}"
EndProject
Global
	GlobalSection(SolutionConfigurationPlatforms) = preSolution
		Debug|Any CPU = Debug|Any CPU
		Release|Any CPU = Release|Any CPU
	EndGlobalSection
	GlobalSection(ProjectConfigurationPlatforms) = postSolution
		{4FD04B64-C95A-4DF2-B36B-54FEEA5451C2}.Debug|Any CPU.ActiveCfg = Debug|Any CPU
		{4FD04B64-C95A-4DF2-B36B-54FEEA5451C2}.Debug|Any CPU.Build.0 = Debug|Any CPU
		{4FD04B64-C95A-4DF2-B36B-54FEEA5451C2}.Release|Any CPU.ActiveCfg = Release|Any CPU
		{4FD04B64-C95A-4DF2-B36B-54FEEA5451C2}.Release|Any CPU.Build.0 = Release|Any CPU
	EndGlobalSection
	GlobalSection(SolutionProperties) = preSolution
		HideSolutionNode = FALSE
	EndGlobalSection
	GlobalSection(ExtensibilityGlobals) = postSolution
		SolutionGuid = {5CA3A249-B145-4600-B639-19112278CF59}
	EndGlobalSection
EndGlobal
