
Microsoft Visual Studio Solution File, Format Version 12.00
# Visual Studio Version 17
VisualStudioVersion = 17.6.33801.468
MinimumVisualStudioVersion = 10.0.40219.1
Project("{FAE04EC0-301F-11D3-BF4B-00C04F79EFBC}") = "242.Valid Anagram", "242.Valid Anagram.csproj", "{3F5462F5-8D5D-44E4-AE26-FCA7C7388679}"
EndProject
Global
	GlobalSection(SolutionConfigurationPlatforms) = preSolution
		Debug|Any CPU = Debug|Any CPU
		Release|Any CPU = Release|Any CPU
	EndGlobalSection
	GlobalSection(ProjectConfigurationPlatforms) = postSolution
		{3F5462F5-8D5D-44E4-AE26-FCA7C7388679}.Debug|Any CPU.ActiveCfg = Debug|Any CPU
		{3F5462F5-8D5D-44E4-AE26-FCA7C7388679}.Debug|Any CPU.Build.0 = Debug|Any CPU
		{3F5462F5-8D5D-44E4-AE26-FCA7C7388679}.Release|Any CPU.ActiveCfg = Release|Any CPU
		{3F5462F5-8D5D-44E4-AE26-FCA7C7388679}.Release|Any CPU.Build.0 = Release|Any CPU
	EndGlobalSection
	GlobalSection(SolutionProperties) = preSolution
		HideSolutionNode = FALSE
	EndGlobalSection
	GlobalSection(ExtensibilityGlobals) = postSolution
		SolutionGuid = {2B132403-37E9-42CD-A165-57AEC32D32BA}
	EndGlobalSection
EndGlobal
