
Microsoft Visual Studio Solution File, Format Version 12.00
# Visual Studio Version 17
VisualStudioVersion = 17.7.34009.444
MinimumVisualStudioVersion = 10.0.40219.1
Project("{FAE04EC0-301F-11D3-BF4B-00C04F79EFBC}") = "Roman to Integer", "Roman to Integer.csproj", "{155C0E1B-2FE1-483F-A469-1324BBECF99A}"
EndProject
Global
	GlobalSection(SolutionConfigurationPlatforms) = preSolution
		Debug|Any CPU = Debug|Any CPU
		Release|Any CPU = Release|Any CPU
	EndGlobalSection
	GlobalSection(ProjectConfigurationPlatforms) = postSolution
		{155C0E1B-2FE1-483F-A469-1324BBECF99A}.Debug|Any CPU.ActiveCfg = Debug|Any CPU
		{155C0E1B-2FE1-483F-A469-1324BBECF99A}.Debug|Any CPU.Build.0 = Debug|Any CPU
		{155C0E1B-2FE1-483F-A469-1324BBECF99A}.Release|Any CPU.ActiveCfg = Release|Any CPU
		{155C0E1B-2FE1-483F-A469-1324BBECF99A}.Release|Any CPU.Build.0 = Release|Any CPU
	EndGlobalSection
	GlobalSection(SolutionProperties) = preSolution
		HideSolutionNode = FALSE
	EndGlobalSection
	GlobalSection(ExtensibilityGlobals) = postSolution
		SolutionGuid = {16B740E0-CB2B-4F91-9472-1EC2CC59309A}
	EndGlobalSection
EndGlobal
